# This file is autogenerated, do not edit; changes may be undone by the next 'dep ensure'.


[[projects]]
  name = "github.com/iotaledger/giota"
  packages = [".","cl"]
  revision = "aea8332152a58702be8c009c6e1bdde5b7e66315"

[solve-meta]
  analyzer-name = "dep"
  analyzer-version = 1
  inputs-digest = "65b8e39715688c5e58904fc6ce7bc2911dbc090e40539c006c86d17d2fff6db0"
  solver-name = "gps-cdcl"
  solver-version = 1
